
Microsoft Visual Studio Solution File, Format Version 12.00
# Visual Studio Version 17
VisualStudioVersion = 17.9.34902.65
MinimumVisualStudioVersion = 10.0.40219.1
Project("{FAE04EC0-301F-11D3-BF4B-00C04F79EFBC}") = "Left Outer Join Sample", "Left Outer Join Sample.csproj", "{99335852-ACA7-4315-8F51-C5828E72A2A5}"
EndProject
Global
	GlobalSection(SolutionConfigurationPlatforms) = preSolution
		Debug|Any CPU = Debug|Any CPU
		Release|Any CPU = Release|Any CPU
	EndGlobalSection
	GlobalSection(ProjectConfigurationPlatforms) = postSolution
		{99335852-ACA7-4315-8F51-C5828E72A2A5}.Debug|Any CPU.ActiveCfg = Debug|Any CPU
		{99335852-ACA7-4315-8F51-C5828E72A2A5}.Debug|Any CPU.Build.0 = Debug|Any CPU
		{99335852-ACA7-4315-8F51-C5828E72A2A5}.Release|Any CPU.ActiveCfg = Release|Any CPU
		{99335852-ACA7-4315-8F51-C5828E72A2A5}.Release|Any CPU.Build.0 = Release|Any CPU
	EndGlobalSection
	GlobalSection(SolutionProperties) = preSolution
		HideSolutionNode = FALSE
	EndGlobalSection
	GlobalSection(ExtensibilityGlobals) = postSolution
		SolutionGuid = {FF5884B3-C133-49CC-BC84-C8615D8F42FF}
	EndGlobalSection
EndGlobal
